
Microsoft Visual Studio Solution File, Format Version 12.00
# Visual Studio 15
VisualStudioVersion = 15.0.28307.1927
MinimumVisualStudioVersion = 10.0.40219.1
Project("{8BC9CEB8-8B4A-11D0-8D11-00A0C91BC942}") = "cpp_templates", "cpp_templates\cpp_templates.vcxproj", "{93E7490A-38C5-4DEE-9B1D-39D83B6B159C}"
EndProject
Global
	GlobalSection(SolutionConfigurationPlatforms) = preSolution
		Debug|x64 = Debug|x64
		Debug|x86 = Debug|x86
		Release|x64 = Release|x64
		Release|x86 = Release|x86
	EndGlobalSection
	GlobalSection(ProjectConfigurationPlatforms) = postSolution
		{93E7490A-38C5-4DEE-9B1D-39D83B6B159C}.Debug|x64.ActiveCfg = Debug|x64
		{93E7490A-38C5-4DEE-9B1D-39D83B6B159C}.Debug|x64.Build.0 = Debug|x64
		{93E7490A-38C5-4DEE-9B1D-39D83B6B159C}.Debug|x86.ActiveCfg = Debug|Win32
		{93E7490A-38C5-4DEE-9B1D-39D83B6B159C}.Debug|x86.Build.0 = Debug|Win32
		{93E7490A-38C5-4DEE-9B1D-39D83B6B159C}.Release|x64.ActiveCfg = Release|x64
		{93E7490A-38C5-4DEE-9B1D-39D83B6B159C}.Release|x64.Build.0 = Release|x64
		{93E7490A-38C5-4DEE-9B1D-39D83B6B159C}.Release|x86.ActiveCfg = Release|Win32
		{93E7490A-38C5-4DEE-9B1D-39D83B6B159C}.Release|x86.Build.0 = Release|Win32
	EndGlobalSection
	GlobalSection(SolutionProperties) = preSolution
		HideSolutionNode = FALSE
	EndGlobalSection
	GlobalSection(ExtensibilityGlobals) = postSolution
		SolutionGuid = {2044239C-A3FD-4D29-AD90-3ED4F9C8CA1F}
	EndGlobalSection
EndGlobal
